
Microsoft Visual Studio Solution File, Format Version 12.00
# Visual Studio Version 16
VisualStudioVersion = 16.6.30114.105
MinimumVisualStudioVersion = 10.0.40219.1
Project("{FAE04EC0-301F-11D3-BF4B-00C04F79EFBC}") = "dotforth", "dotforth\dotforth.csproj", "{EBD2336C-59FC-4EF0-855D-B061A662F75C}"
EndProject
Project("{FAE04EC0-301F-11D3-BF4B-00C04F79EFBC}") = "dotforth.cli", "dotforth.cli\dotforth.cli.csproj", "{D9BAD0B3-18CA-4987-A4D4-C05356DB5F28}"
EndProject
Global
	GlobalSection(SolutionConfigurationPlatforms) = preSolution
		Debug|Any CPU = Debug|Any CPU
		Debug|x64 = Debug|x64
		Debug|x86 = Debug|x86
		Release|Any CPU = Release|Any CPU
		Release|x64 = Release|x64
		Release|x86 = Release|x86
	EndGlobalSection
	GlobalSection(SolutionProperties) = preSolution
		HideSolutionNode = FALSE
	EndGlobalSection
	GlobalSection(ProjectConfigurationPlatforms) = postSolution
		{EBD2336C-59FC-4EF0-855D-B061A662F75C}.Debug|Any CPU.ActiveCfg = Debug|Any CPU
		{EBD2336C-59FC-4EF0-855D-B061A662F75C}.Debug|Any CPU.Build.0 = Debug|Any CPU
		{EBD2336C-59FC-4EF0-855D-B061A662F75C}.Debug|x64.ActiveCfg = Debug|Any CPU
		{EBD2336C-59FC-4EF0-855D-B061A662F75C}.Debug|x64.Build.0 = Debug|Any CPU
		{EBD2336C-59FC-4EF0-855D-B061A662F75C}.Debug|x86.ActiveCfg = Debug|Any CPU
		{EBD2336C-59FC-4EF0-855D-B061A662F75C}.Debug|x86.Build.0 = Debug|Any CPU
		{EBD2336C-59FC-4EF0-855D-B061A662F75C}.Release|Any CPU.ActiveCfg = Release|Any CPU
		{EBD2336C-59FC-4EF0-855D-B061A662F75C}.Release|Any CPU.Build.0 = Release|Any CPU
		{EBD2336C-59FC-4EF0-855D-B061A662F75C}.Release|x64.ActiveCfg = Release|Any CPU
		{EBD2336C-59FC-4EF0-855D-B061A662F75C}.Release|x64.Build.0 = Release|Any CPU
		{EBD2336C-59FC-4EF0-855D-B061A662F75C}.Release|x86.ActiveCfg = Release|Any CPU
		{EBD2336C-59FC-4EF0-855D-B061A662F75C}.Release|x86.Build.0 = Release|Any CPU
		{D9BAD0B3-18CA-4987-A4D4-C05356DB5F28}.Debug|Any CPU.ActiveCfg = Debug|Any CPU
		{D9BAD0B3-18CA-4987-A4D4-C05356DB5F28}.Debug|Any CPU.Build.0 = Debug|Any CPU
		{D9BAD0B3-18CA-4987-A4D4-C05356DB5F28}.Debug|x64.ActiveCfg = Debug|Any CPU
		{D9BAD0B3-18CA-4987-A4D4-C05356DB5F28}.Debug|x64.Build.0 = Debug|Any CPU
		{D9BAD0B3-18CA-4987-A4D4-C05356DB5F28}.Debug|x86.ActiveCfg = Debug|Any CPU
		{D9BAD0B3-18CA-4987-A4D4-C05356DB5F28}.Debug|x86.Build.0 = Debug|Any CPU
		{D9BAD0B3-18CA-4987-A4D4-C05356DB5F28}.Release|Any CPU.ActiveCfg = Release|Any CPU
		{D9BAD0B3-18CA-4987-A4D4-C05356DB5F28}.Release|Any CPU.Build.0 = Release|Any CPU
		{D9BAD0B3-18CA-4987-A4D4-C05356DB5F28}.Release|x64.ActiveCfg = Release|Any CPU
		{D9BAD0B3-18CA-4987-A4D4-C05356DB5F28}.Release|x64.Build.0 = Release|Any CPU
		{D9BAD0B3-18CA-4987-A4D4-C05356DB5F28}.Release|x86.ActiveCfg = Release|Any CPU
		{D9BAD0B3-18CA-4987-A4D4-C05356DB5F28}.Release|x86.Build.0 = Release|Any CPU
	EndGlobalSection
EndGlobal
